// !$*UTF8*$!
{
	archiveVersion = 1;
	classes = {
	};
	objectVersion = 50;
	objects = {

/* Begin PBXBuildFile section */
		ADD7CCC1247C4386002CACD2 /* AppDelegate.swift in Sources */ = {isa = PBXBuildFile; fileRef = ADD7CCC0247C4386002CACD2 /* AppDelegate.swift */; };
		ADD7CCC3247C4386002CACD2 /* SceneDelegate.swift in Sources */ = {isa = PBXBuildFile; fileRef = ADD7CCC2247C4386002CACD2 /* SceneDelegate.swift */; };
		ADD7CCC5247C4386002CACD2 /* ContentView.swift in Sources */ = {isa = PBXBuildFile; fileRef = ADD7CCC4247C4386002CACD2 /* ContentView.swift */; };
		ADD7CCC7247C438C002CACD2 /* Assets.xcassets in Resources */ = {isa = PBXBuildFile; fileRef = ADD7CCC6247C438C002CACD2 /* Assets.xcassets */; };
		ADD7CCCA247C438C002CACD2 /* Preview Assets.xcassets in Resources */ = {isa = PBXBuildFile; fileRef = ADD7CCC9247C438C002CACD2 /* Preview Assets.xcassets */; };
		ADD7CCCD247C438C002CACD2 /* LaunchScreen.storyboard in Resources */ = {isa = PBXBuildFile; fileRef = ADD7CCCB247C438C002CACD2 /* LaunchScreen.storyboard */; };
		ADD7CCD8247C438C002CACD2 /* TiktokTests.swift in Sources */ = {isa = PBXBuildFile; fileRef = ADD7CCD7247C438C002CACD2 /* TiktokTests.swift */; };
		ADD7CCE3247C438C002CACD2 /* TiktokUITests.swift in Sources */ = {isa = PBXBuildFile; fileRef = ADD7CCE2247C438C002CACD2 /* TiktokUITests.swift */; };
		ADD7CCF6247C43BA002CACD2 /* video3.mp4 in Resources */ = {isa = PBXBuildFile; fileRef = ADD7CCF0247C43B7002CACD2 /* video3.mp4 */; };
		ADD7CCF7247C43BA002CACD2 /* video4.mp4 in Resources */ = {isa = PBXBuildFile; fileRef = ADD7CCF1247C43B7002CACD2 /* video4.mp4 */; };
		ADD7CCF8247C43BA002CACD2 /* video2.mp4 in Resources */ = {isa = PBXBuildFile; fileRef = ADD7CCF2247C43B8002CACD2 /* video2.mp4 */; };
		ADD7CCF9247C43BA002CACD2 /* video5.mp4 in Resources */ = {isa = PBXBuildFile; fileRef = ADD7CCF3247C43B9002CACD2 /* video5.mp4 */; };
		ADD7CCFA247C43BA002CACD2 /* video6.mp4 in Resources */ = {isa = PBXBuildFile; fileRef = ADD7CCF4247C43B9002CACD2 /* video6.mp4 */; };
		ADD7CCFB247C43BA002CACD2 /* video1.mp4 in Resources */ = {isa = PBXBuildFile; fileRef = ADD7CCF5247C43BA002CACD2 /* video1.mp4 */; };
/* End PBXBuildFile section */

/* Begin PBXContainerItemProxy section */
		ADD7CCD4247C438C002CACD2 /* PBXContainerItemProxy */ = {
			isa = PBXContainerItemProxy;
			containerPortal = ADD7CCB5247C4386002CACD2 /* Project object */;
			proxyType = 1;
			remoteGlobalIDString = ADD7CCBC247C4386002CACD2;
			remoteInfo = Tiktok;
		};
		ADD7CCDF247C438C002CACD2 /* PBXContainerItemProxy */ = {
			isa = PBXContainerItemProxy;
			containerPortal = ADD7CCB5247C4386002CACD2 /* Project object */;
			proxyType = 1;
			remoteGlobalIDString = ADD7CCBC247C4386002CACD2;
			remoteInfo = Tiktok;
		};
/* End PBXContainerItemProxy section */

/* Begin PBXFileReference section */
		ADD7CCBD247C4386002CACD2 /* Tiktok.app */ = {isa = PBXFileReference; explicitFileType = wrapper.application; includeInIndex = 0; path = Tiktok.app; sourceTree = BUILT_PRODUCTS_DIR; };
		ADD7CCC0247C4386002CACD2 /* AppDelegate.swift */ = {isa = PBXFileReference; lastKnownFileType = sourcecode.swift; path = AppDelegate.swift; sourceTree = "<group>"; };
		ADD7CCC2247C4386002CACD2 /* SceneDelegate.swift */ = {isa = PBXFileReference; lastKnownFileType = sourcecode.swift; path = SceneDelegate.swift; sourceTree = "<group>"; };
		ADD7CCC4247C4386002CACD2 /* ContentView.swift */ = {isa = PBXFileReference; lastKnownFileType = sourcecode.swift; path = ContentView.swift; sourceTree = "<group>"; };
		ADD7CCC6247C438C002CACD2 /* Assets.xcassets */ = {isa = PBXFileReference; lastKnownFileType = folder.assetcatalog; path = Assets.xcassets; sourceTree = "<group>"; };
		ADD7CCC9247C438C002CACD2 /* Preview Assets.xcassets */ = {isa = PBXFileReference; lastKnownFileType = folder.assetcatalog; path = "Preview Assets.xcassets"; sourceTree = "<group>"; };
		ADD7CCCC247C438C002CACD2 /* Base */ = {isa = PBXFileReference; lastKnownFileType = file.storyboard; name = Base; path = Base.lproj/LaunchScreen.storyboard; sourceTree = "<group>"; };
		ADD7CCCE247C438C002CACD2 /* Info.plist */ = {isa = PBXFileReference; lastKnownFileType = text.plist.xml; path = Info.plist; sourceTree = "<group>"; };
		ADD7CCD3247C438C002CACD2 /* TiktokTests.xctest */ = {isa = PBXFileReference; explicitFileType = wrapper.cfbundle; includeInIndex = 0; path = TiktokTests.xctest; sourceTree = BUILT_PRODUCTS_DIR; };
		ADD7CCD7247C438C002CACD2 /* TiktokTests.swift */ = {isa = PBXFileReference; lastKnownFileType = sourcecode.swift; path = TiktokTests.swift; sourceTree = "<group>"; };
		ADD7CCD9247C438C002CACD2 /* Info.plist */ = {isa = PBXFileReference; lastKnownFileType = text.plist.xml; path = Info.plist; sourceTree = "<group>"; };
		ADD7CCDE247C438C002CACD2 /* TiktokUITests.xctest */ = {isa = PBXFileReference; explicitFileType = wrapper.cfbundle; includeInIndex = 0; path = TiktokUITests.xctest; sourceTree = BUILT_PRODUCTS_DIR; };
		ADD7CCE2247C438C002CACD2 /* TiktokUITests.swift */ = {isa = PBXFileReference; lastKnownFileType = sourcecode.swift; path = TiktokUITests.swift; sourceTree = "<group>"; };
		ADD7CCE4247C438C002CACD2 /* Info.plist */ = {isa = PBXFileReference; lastKnownFileType = text.plist.xml; path = Info.plist; sourceTree = "<group>"; };
		ADD7CCF0247C43B7002CACD2 /* video3.mp4 */ = {isa = PBXFileReference; lastKnownFileType = file; path = video3.mp4; sourceTree = "<group>"; };
		ADD7CCF1247C43B7002CACD2 /* video4.mp4 */ = {isa = PBXFileReference; lastKnownFileType = file; path = video4.mp4; sourceTree = "<group>"; };
		ADD7CCF2247C43B8002CACD2 /* video2.mp4 */ = {isa = PBXFileReference; lastKnownFileType = file; path = video2.mp4; sourceTree = "<group>"; };
		ADD7CCF3247C43B9002CACD2 /* video5.mp4 */ = {isa = PBXFileReference; lastKnownFileType = file; path = video5.mp4; sourceTree = "<group>"; };
		ADD7CCF4247C43B9002CACD2 /* video6.mp4 */ = {isa = PBXFileReference; lastKnownFileType = file; path = video6.mp4; sourceTree = "<group>"; };
		ADD7CCF5247C43BA002CACD2 /* video1.mp4 */ = {isa = PBXFileReference; lastKnownFileType = file; path = video1.mp4; sourceTree = "<group>"; };
/* End PBXFileReference section */

/* Begin PBXFrameworksBuildPhase section */
		ADD7CCBA247C4386002CACD2 /* Frameworks */ = {
			isa = PBXFrameworksBuildPhase;
			buildActionMask = 2147483647;
			files = (
			);
			runOnlyForDeploymentPostprocessing = 0;
		};
		ADD7CCD0247C438C002CACD2 /* Frameworks */ = {
			isa = PBXFrameworksBuildPhase;
			buildActionMask = 2147483647;
			files = (
			);
			runOnlyForDeploymentPostprocessing = 0;
		};
		ADD7CCDB247C438C002CACD2 /* Frameworks */ = {
			isa = PBXFrameworksBuildPhase;
			buildActionMask = 2147483647;
			files = (
			);
			runOnlyForDeploymentPostprocessing = 0;
		};
/* End PBXFrameworksBuildPhase section */

/* Begin PBXGroup section */
		ADD7CCB4247C4386002CACD2 = {
			isa = PBXGroup;
			children = (
				ADD7CCF5247C43BA002CACD2 /* video1.mp4 */,
				ADD7CCF2247C43B8002CACD2 /* video2.mp4 */,
				ADD7CCF0247C43B7002CACD2 /* video3.mp4 */,
				ADD7CCF1247C43B7002CACD2 /* video4.mp4 */,
				ADD7CCF3247C43B9002CACD2 /* video5.mp4 */,
				ADD7CCF4247C43B9002CACD2 /* video6.mp4 */,
				ADD7CCBF247C4386002CACD2 /* Tiktok */,
				ADD7CCD6247C438C002CACD2 /* TiktokTests */,
				ADD7CCE1247C438C002CACD2 /* TiktokUITests */,
				ADD7CCBE247C4386002CACD2 /* Products */,
			);
			sourceTree = "<group>";
		};
		ADD7CCBE247C4386002CACD2 /* Products */ = {
			isa = PBXGroup;
			children = (
				ADD7CCBD247C4386002CACD2 /* Tiktok.app */,
				ADD7CCD3247C438C002CACD2 /* TiktokTests.xctest */,
				ADD7CCDE247C438C002CACD2 /* TiktokUITests.xctest */,
			);
			name = Products;
			sourceTree = "<group>";
		};
		ADD7CCBF247C4386002CACD2 /* Tiktok */ = {
			isa = PBXGroup;
			children = (
				ADD7CCC0247C4386002CACD2 /* AppDelegate.swift */,
				ADD7CCC2247C4386002CACD2 /* SceneDelegate.swift */,
				ADD7CCC4247C4386002CACD2 /* ContentView.swift */,
				ADD7CCC6247C438C002CACD2 /* Assets.xcassets */,
				ADD7CCCB247C438C002CACD2 /* LaunchScreen.storyboard */,
				ADD7CCCE247C438C002CACD2 /* Info.plist */,
				ADD7CCC8247C438C002CACD2 /* Preview Content */,
			);
			path = Tiktok;
			sourceTree = "<group>";
		};
		ADD7CCC8247C438C002CACD2 /* Preview Content */ = {
			isa = PBXGroup;
			children = (
				ADD7CCC9247C438C002CACD2 /* Preview Assets.xcassets */,
			);
			path = "Preview Content";
			sourceTree = "<group>";
		};
		ADD7CCD6247C438C002CACD2 /* TiktokTests */ = {
			isa = PBXGroup;
			children = (
				ADD7CCD7247C438C002CACD2 /* TiktokTests.swift */,
				ADD7CCD9247C438C002CACD2 /* Info.plist */,
			);
			path = TiktokTests;
			sourceTree = "<group>";
		};
		ADD7CCE1247C438C002CACD2 /* TiktokUITests */ = {
			isa = PBXGroup;
			children = (
				ADD7CCE2247C438C002CACD2 /* TiktokUITests.swift */,
				ADD7CCE4247C438C002CACD2 /* Info.plist */,
			);
			path = TiktokUITests;
			sourceTree = "<group>";
		};
/* End PBXGroup section */

/* Begin PBXNativeTarget section */
		ADD7CCBC247C4386002CACD2 /* Tiktok */ = {
			isa = PBXNativeTarget;
			buildConfigurationList = ADD7CCE7247C438C002CACD2 /* Build configuration list for PBXNativeTarget "Tiktok" */;
			buildPhases = (
				ADD7CCB9247C4386002CACD2 /* Sources */,
				ADD7CCBA247C4386002CACD2 /* Frameworks */,
				ADD7CCBB247C4386002CACD2 /* Resources */,
			);
			buildRules = (
			);
			dependencies = (
			);
			name = Tiktok;
			productName = Tiktok;
			productReference = ADD7CCBD247C4386002CACD2 /* Tiktok.app */;
			productType = "com.apple.product-type.application";
		};
		ADD7CCD2247C438C002CACD2 /* TiktokTests */ = {
			isa = PBXNativeTarget;
			buildConfigurationList = ADD7CCEA247C438C002CACD2 /* Build configuration list for PBXNativeTarget "TiktokTests" */;
			buildPhases = (
				ADD7CCCF247C438C002CACD2 /* Sources */,
				ADD7CCD0247C438C002CACD2 /* Frameworks */,
				ADD7CCD1247C438C002CACD2 /* Resources */,
			);
			buildRules = (
			);
			dependencies = (
				ADD7CCD5247C438C002CACD2 /* PBXTargetDependency */,
			);
			name = TiktokTests;
			productName = TiktokTests;
			productReference = ADD7CCD3247C438C002CACD2 /* TiktokTests.xctest */;
			productType = "com.apple.product-type.bundle.unit-test";
		};
		ADD7CCDD247C438C002CACD2 /* TiktokUITests */ = {
			isa = PBXNativeTarget;
			buildConfigurationList = ADD7CCED247C438C002CACD2 /* Build configuration list for PBXNativeTarget "TiktokUITests" */;
			buildPhases = (
				ADD7CCDA247C438C002CACD2 /* Sources */,
				ADD7CCDB247C438C002CACD2 /* Frameworks */,
				ADD7CCDC247C438C002CACD2 /* Resources */,
			);
			buildRules = (
			);
			dependencies = (
				ADD7CCE0247C438C002CACD2 /* PBXTargetDependency */,
			);
			name = TiktokUITests;
			productName = TiktokUITests;
			productReference = ADD7CCDE247C438C002CACD2 /* TiktokUITests.xctest */;
			productType = "com.apple.product-type.bundle.ui-testing";
		};
/* End PBXNativeTarget section */

/* Begin PBXProject section */
		ADD7CCB5247C4386002CACD2 /* Project object */ = {
			isa = PBXProject;
			attributes = {
				LastSwiftUpdateCheck = 1140;
				LastUpgradeCheck = 1200;
				ORGANIZATIONNAME = Balaji;
				TargetAttributes = {
					ADD7CCBC247C4386002CACD2 = {
						CreatedOnToolsVersion = 11.4.1;
					};
					ADD7CCD2247C438C002CACD2 = {
						CreatedOnToolsVersion = 11.4.1;
						TestTargetID = ADD7CCBC247C4386002CACD2;
					};
					ADD7CCDD247C438C002CACD2 = {
						CreatedOnToolsVersion = 11.4.1;
						TestTargetID = ADD7CCBC247C4386002CACD2;
					};
				};
			};
			buildConfigurationList = ADD7CCB8247C4386002CACD2 /* Build configuration list for PBXProject "Tiktok" */;
			compatibilityVersion = "Xcode 9.3";
			developmentRegion = en;
			hasScannedForEncodings = 0;
			knownRegions = (
				en,
				Base,
			);
			mainGroup = ADD7CCB4247C4386002CACD2;
			productRefGroup = ADD7CCBE247C4386002CACD2 /* Products */;
			projectDirPath = "";
			projectRoot = "";
			targets = (
				ADD7CCBC247C4386002CACD2 /* Tiktok */,
				ADD7CCD2247C438C002CACD2 /* TiktokTests */,
				ADD7CCDD247C438C002CACD2 /* TiktokUITests */,
			);
		};
/* End PBXProject section */

/* Begin PBXResourcesBuildPhase section */
		ADD7CCBB247C4386002CACD2 /* Resources */ = {
			isa = PBXResourcesBuildPhase;
			buildActionMask = 2147483647;
			files = (
				ADD7CCF6247C43BA002CACD2 /* video3.mp4 in Resources */,
				ADD7CCF7247C43BA002CACD2 /* video4.mp4 in Resources */,
				ADD7CCF8247C43BA002CACD2 /* video2.mp4 in Resources */,
				ADD7CCF9247C43BA002CACD2 /* video5.mp4 in Resources */,
				ADD7CCFA247C43BA002CACD2 /* video6.mp4 in Resources */,
				ADD7CCFB247C43BA002CACD2 /* video1.mp4 in Resources */,
				ADD7CCCD247C438C002CACD2 /* LaunchScreen.storyboard in Resources */,
				ADD7CCCA247C438C002CACD2 /* Preview Assets.xcassets in Resources */,
				ADD7CCC7247C438C002CACD2 /* Assets.xcassets in Resources */,
			);
			runOnlyForDeploymentPostprocessing = 0;
		};
		ADD7CCD1247C438C002CACD2 /* Resources */ = {
			isa = PBXResourcesBuildPhase;
			buildActionMask = 2147483647;
			files = (
			);
			runOnlyForDeploymentPostprocessing = 0;
		};
		ADD7CCDC247C438C002CACD2 /* Resources */ = {
			isa = PBXResourcesBuildPhase;
			buildActionMask = 2147483647;
			files = (
			);
			runOnlyForDeploymentPostprocessing = 0;
		};
/* End PBXResourcesBuildPhase section */

/* Begin PBXSourcesBuildPhase section */
		ADD7CCB9247C4386002CACD2 /* Sources */ = {
			isa = PBXSourcesBuildPhase;
			buildActionMask = 2147483647;
			files = (
				ADD7CCC1247C4386002CACD2 /* AppDelegate.swift in Sources */,
				ADD7CCC3247C4386002CACD2 /* SceneDelegate.swift in Sources */,
				ADD7CCC5247C4386002CACD2 /* ContentView.swift in Sources */,
			);
			runOnlyForDeploymentPostprocessing = 0;
		};
		ADD7CCCF247C438C002CACD2 /* Sources */ = {
			isa = PBXSourcesBuildPhase;
			buildActionMask = 2147483647;
			files = (
				ADD7CCD8247C438C002CACD2 /* TiktokTests.swift in Sources */,
			);
			runOnlyForDeploymentPostprocessing = 0;
		};
		ADD7CCDA247C438C002CACD2 /* Sources */ = {
			isa = PBXSourcesBuildPhase;
			buildActionMask = 2147483647;
			files = (
				ADD7CCE3247C438C002CACD2 /* TiktokUITests.swift in Sources */,
			);
			runOnlyForDeploymentPostprocessing = 0;
		};
/* End PBXSourcesBuildPhase section */

/* Begin PBXTargetDependency section */
		ADD7CCD5247C438C002CACD2 /* PBXTargetDependency */ = {
			isa = PBXTargetDependency;
			target = ADD7CCBC247C4386002CACD2 /* Tiktok */;
			targetProxy = ADD7CCD4247C438C002CACD2 /* PBXContainerItemProxy */;
		};
		ADD7CCE0247C438C002CACD2 /* PBXTargetDependency */ = {
			isa = PBXTargetDependency;
			target = ADD7CCBC247C4386002CACD2 /* Tiktok */;
			targetProxy = ADD7CCDF247C438C002CACD2 /* PBXContainerItemProxy */;
		};
/* End PBXTargetDependency section */

/* Begin PBXVariantGroup section */
		ADD7CCCB247C438C002CACD2 /* LaunchScreen.storyboard */ = {
			isa = PBXVariantGroup;
			children = (
				ADD7CCCC247C438C002CACD2 /* Base */,
			);
			name = LaunchScreen.storyboard;
			sourceTree = "<group>";
		};
/* End PBXVariantGroup section */

/* Begin XCBuildConfiguration section */
		ADD7CCE5247C438C002CACD2 /* Debug */ = {
			isa = XCBuildConfiguration;
			buildSettings = {
				ALWAYS_SEARCH_USER_PATHS = NO;
				CLANG_ANALYZER_NONNULL = YES;
				CLANG_ANALYZER_NUMBER_OBJECT_CONVERSION = YES_AGGRESSIVE;
				CLANG_CXX_LANGUAGE_STANDARD = "gnu++14";
				CLANG_CXX_LIBRARY = "libc++";
				CLANG_ENABLE_MODULES = YES;
				CLANG_ENABLE_OBJC_ARC = YES;
				CLANG_ENABLE_OBJC_WEAK = YES;
				CLANG_WARN_BLOCK_CAPTURE_AUTORELEASING = YES;
				CLANG_WARN_BOOL_CONVERSION = YES;
				CLANG_WARN_COMMA = YES;
				CLANG_WARN_CONSTANT_CONVERSION = YES;
				CLANG_WARN_DEPRECATED_OBJC_IMPLEMENTATIONS = YES;
				CLANG_WARN_DIRECT_OBJC_ISA_USAGE = YES_ERROR;
				CLANG_WARN_DOCUMENTATION_COMMENTS = YES;
				CLANG_WARN_EMPTY_BODY = YES;
				CLANG_WARN_ENUM_CONVERSION = YES;
				CLANG_WARN_INFINITE_RECURSION = YES;
				CLANG_WARN_INT_CONVERSION = YES;
				CLANG_WARN_NON_LITERAL_NULL_CONVERSION = YES;
				CLANG_WARN_OBJC_IMPLICIT_RETAIN_SELF = YES;
				CLANG_WARN_OBJC_LITERAL_CONVERSION = YES;
				CLANG_WARN_OBJC_ROOT_CLASS = YES_ERROR;
				CLANG_WARN_QUOTED_INCLUDE_IN_FRAMEWORK_HEADER = YES;
				CLANG_WARN_RANGE_LOOP_ANALYSIS = YES;
				CLANG_WARN_STRICT_PROTOTYPES = YES;
				CLANG_WARN_SUSPICIOUS_MOVE = YES;
				CLANG_WARN_UNGUARDED_AVAILABILITY = YES_AGGRESSIVE;
				CLANG_WARN_UNREACHABLE_CODE = YES;
				CLANG_WARN__DUPLICATE_METHOD_MATCH = YES;
				COPY_PHASE_STRIP = NO;
				DEBUG_INFORMATION_FORMAT = dwarf;
				ENABLE_STRICT_OBJC_MSGSEND = YES;
				ENABLE_TESTABILITY = YES;
				GCC_C_LANGUAGE_STANDARD = gnu11;
				GCC_DYNAMIC_NO_PIC = NO;
				GCC_NO_COMMON_BLOCKS = YES;
				GCC_OPTIMIZATION_LEVEL = 0;
				GCC_PREPROCESSOR_DEFINITIONS = (
					"DEBUG=1",
					"$(inherited)",
				);
				GCC_WARN_64_TO_32_BIT_CONVERSION = YES;
				GCC_WARN_ABOUT_RETURN_TYPE = YES_ERROR;
				GCC_WARN_UNDECLARED_SELECTOR = YES;
				GCC_WARN_UNINITIALIZED_AUTOS = YES_AGGRESSIVE;
				GCC_WARN_UNUSED_FUNCTION = YES;
				GCC_WARN_UNUSED_VARIABLE = YES;
				IPHONEOS_DEPLOYMENT_TARGET = 14.0;
				MTL_ENABLE_DEBUG_INFO = INCLUDE_SOURCE;
				MTL_FAST_MATH = YES;
				ONLY_ACTIVE_ARCH = YES;
				SDKROOT = iphoneos;
				SWIFT_ACTIVE_COMPILATION_CONDITIONS = DEBUG;
				SWIFT_OPTIMIZATION_LEVEL = "-Onone";
			};
			name = Debug;
		};
		ADD7CCE6247C438C002CACD2 /* Release */ = {
			isa = XCBuildConfiguration;
			buildSettings = {
				ALWAYS_SEARCH_USER_PATHS = NO;
				CLANG_ANALYZER_NONNULL = YES;
				CLANG_ANALYZER_NUMBER_OBJECT_CONVERSION = YES_AGGRESSIVE;
				CLANG_CXX_LANGUAGE_STANDARD = "gnu++14";
				CLANG_CXX_LIBRARY = "libc++";
				CLANG_ENABLE_MODULES = YES;
				CLANG_ENABLE_OBJC_ARC = YES;
				CLANG_ENABLE_OBJC_WEAK = YES;
				CLANG_WARN_BLOCK_CAPTURE_AUTORELEASING = YES;
				CLANG_WARN_BOOL_CONVERSION = YES;
				CLANG_WARN_COMMA = YES;
				CLANG_WARN_CONSTANT_CONVERSION = YES;
				CLANG_WARN_DEPRECATED_OBJC_IMPLEMENTATIONS = YES;
				CLANG_WARN_DIRECT_OBJC_ISA_USAGE = YES_ERROR;
				CLANG_WARN_DOCUMENTATION_COMMENTS = YES;
				CLANG_WARN_EMPTY_BODY = YES;
				CLANG_WARN_ENUM_CONVERSION = YES;
				CLANG_WARN_INFINITE_RECURSION = YES;
				CLANG_WARN_INT_CONVERSION = YES;
				CLANG_WARN_NON_LITERAL_NULL_CONVERSION = YES;
				CLANG_WARN_OBJC_IMPLICIT_RETAIN_SELF = YES;
				CLANG_WARN_OBJC_LITERAL_CONVERSION = YES;
				CLANG_WARN_OBJC_ROOT_CLASS = YES_ERROR;
				CLANG_WARN_QUOTED_INCLUDE_IN_FRAMEWORK_HEADER = YES;
				CLANG_WARN_RANGE_LOOP_ANALYSIS = YES;
				CLANG_WARN_STRICT_PROTOTYPES = YES;
				CLANG_WARN_SUSPICIOUS_MOVE = YES;
				CLANG_WARN_UNGUARDED_AVAILABILITY = YES_AGGRESSIVE;
				CLANG_WARN_UNREACHABLE_CODE = YES;
				CLANG_WARN__DUPLICATE_METHOD_MATCH = YES;
				COPY_PHASE_STRIP = NO;
				DEBUG_INFORMATION_FORMAT = "dwarf-with-dsym";
				ENABLE_NS_ASSERTIONS = NO;
				ENABLE_STRICT_OBJC_MSGSEND = YES;
				GCC_C_LANGUAGE_STANDARD = gnu11;
				GCC_NO_COMMON_BLOCKS = YES;
				GCC_WARN_64_TO_32_BIT_CONVERSION = YES;
				GCC_WARN_ABOUT_RETURN_TYPE = YES_ERROR;
				GCC_WARN_UNDECLARED_SELECTOR = YES;
				GCC_WARN_UNINITIALIZED_AUTOS = YES_AGGRESSIVE;
				GCC_WARN_UNUSED_FUNCTION = YES;
				GCC_WARN_UNUSED_VARIABLE = YES;
				IPHONEOS_DEPLOYMENT_TARGET = 14.0;
				MTL_ENABLE_DEBUG_INFO = NO;
				MTL_FAST_MATH = YES;
				SDKROOT = iphoneos;
				SWIFT_COMPILATION_MODE = wholemodule;
				SWIFT_OPTIMIZATION_LEVEL = "-O";
				VALIDATE_PRODUCT = YES;
			};
			name = Release;
		};
		ADD7CCE8247C438C002CACD2 /* Debug */ = {
			isa = XCBuildConfiguration;
			buildSettings = {
				ASSETCATALOG_COMPILER_APPICON_NAME = AppIcon;
				CODE_SIGN_STYLE = Automatic;
				DEVELOPMENT_ASSET_PATHS = "\"Tiktok/Preview Content\"";
				DEVELOPMENT_TEAM = 9V8796X86A;
				ENABLE_PREVIEWS = YES;
				INFOPLIST_FILE = Tiktok/Info.plist;
				IPHONEOS_DEPLOYMENT_TARGET = 14.0;
				LD_RUNPATH_SEARCH_PATHS = (
					"$(inherited)",
					"@executable_path/Frameworks",
				);
				PRODUCT_BUNDLE_IDENTIFIER = Kavsoft.Tiktok;
				PRODUCT_NAME = "$(TARGET_NAME)";
				SWIFT_VERSION = 5.0;
				TARGETED_DEVICE_FAMILY = "1,2";
			};
			name = Debug;
		};
		ADD7CCE9247C438C002CACD2 /* Release */ = {
			isa = XCBuildConfiguration;
			buildSettings = {
				ASSETCATALOG_COMPILER_APPICON_NAME = AppIcon;
				CODE_SIGN_STYLE = Automatic;
				DEVELOPMENT_ASSET_PATHS = "\"Tiktok/Preview Content\"";
				DEVELOPMENT_TEAM = 9V8796X86A;
				ENABLE_PREVIEWS = YES;
				INFOPLIST_FILE = Tiktok/Info.plist;
				IPHONEOS_DEPLOYMENT_TARGET = 14.0;
				LD_RUNPATH_SEARCH_PATHS = (
					"$(inherited)",
					"@executable_path/Frameworks",
				);
				PRODUCT_BUNDLE_IDENTIFIER = Kavsoft.Tiktok;
				PRODUCT_NAME = "$(TARGET_NAME)";
				SWIFT_VERSION = 5.0;
				TARGETED_DEVICE_FAMILY = "1,2";
			};
			name = Release;
		};
		ADD7CCEB247C438C002CACD2 /* Debug */ = {
			isa = XCBuildConfiguration;
			buildSettings = {
				ALWAYS_EMBED_SWIFT_STANDARD_LIBRARIES = YES;
				BUNDLE_LOADER = "$(TEST_HOST)";
				CODE_SIGN_STYLE = Automatic;
				INFOPLIST_FILE = TiktokTests/Info.plist;
				IPHONEOS_DEPLOYMENT_TARGET = 13.4;
				LD_RUNPATH_SEARCH_PATHS = (
					"$(inherited)",
					"@executable_path/Frameworks",
					"@loader_path/Frameworks",
				);
				PRODUCT_BUNDLE_IDENTIFIER = Kavsoft.TiktokTests;
				PRODUCT_NAME = "$(TARGET_NAME)";
				SWIFT_VERSION = 5.0;
				TARGETED_DEVICE_FAMILY = "1,2";
				TEST_HOST = "$(BUILT_PRODUCTS_DIR)/Tiktok.app/Tiktok";
			};
			name = Debug;
		};
		ADD7CCEC247C438C002CACD2 /* Release */ = {
			isa = XCBuildConfiguration;
			buildSettings = {
				ALWAYS_EMBED_SWIFT_STANDARD_LIBRARIES = YES;
				BUNDLE_LOADER = "$(TEST_HOST)";
				CODE_SIGN_STYLE = Automatic;
				INFOPLIST_FILE = TiktokTests/Info.plist;
				IPHONEOS_DEPLOYMENT_TARGET = 13.4;
				LD_RUNPATH_SEARCH_PATHS = (
					"$(inherited)",
					"@executable_path/Frameworks",
					"@loader_path/Frameworks",
				);
				PRODUCT_BUNDLE_IDENTIFIER = Kavsoft.TiktokTests;
				PRODUCT_NAME = "$(TARGET_NAME)";
				SWIFT_VERSION = 5.0;
				TARGETED_DEVICE_FAMILY = "1,2";
				TEST_HOST = "$(BUILT_PRODUCTS_DIR)/Tiktok.app/Tiktok";
			};
			name = Release;
		};
		ADD7CCEE247C438C002CACD2 /* Debug */ = {
			isa = XCBuildConfiguration;
			buildSettings = {
				ALWAYS_EMBED_SWIFT_STANDARD_LIBRARIES = YES;
				CODE_SIGN_STYLE = Automatic;
				INFOPLIST_FILE = TiktokUITests/Info.plist;
				LD_RUNPATH_SEARCH_PATHS = (
					"$(inherited)",
					"@executable_path/Frameworks",
					"@loader_path/Frameworks",
				);
				PRODUCT_BUNDLE_IDENTIFIER = Kavsoft.TiktokUITests;
				PRODUCT_NAME = "$(TARGET_NAME)";
				SWIFT_VERSION = 5.0;
				TARGETED_DEVICE_FAMILY = "1,2";
				TEST_TARGET_NAME = Tiktok;
			};
			name = Debug;
		};
		ADD7CCEF247C438C002CACD2 /* Release */ = {
			isa = XCBuildConfiguration;
			buildSettings = {
				ALWAYS_EMBED_SWIFT_STANDARD_LIBRARIES = YES;
				CODE_SIGN_STYLE = Automatic;
				INFOPLIST_FILE = TiktokUITests/Info.plist;
				LD_RUNPATH_SEARCH_PATHS = (
					"$(inherited)",
					"@executable_path/Frameworks",
					"@loader_path/Frameworks",
				);
				PRODUCT_BUNDLE_IDENTIFIER = Kavsoft.TiktokUITests;
				PRODUCT_NAME = "$(TARGET_NAME)";
				SWIFT_VERSION = 5.0;
				TARGETED_DEVICE_FAMILY = "1,2";
				TEST_TARGET_NAME = Tiktok;
			};
			name = Release;
		};
/* End XCBuildConfiguration section */

/* Begin XCConfigurationList section */
		ADD7CCB8247C4386002CACD2 /* Build configuration list for PBXProject "Tiktok" */ = {
			isa = XCConfigurationList;
			buildConfigurations = (
				ADD7CCE5247C438C002CACD2 /* Debug */,
				ADD7CCE6247C438C002CACD2 /* Release */,
			);
			defaultConfigurationIsVisible = 0;
			defaultConfigurationName = Release;
		};
		ADD7CCE7247C438C002CACD2 /* Build configuration list for PBXNativeTarget "Tiktok" */ = {
			isa = XCConfigurationList;
			buildConfigurations = (
				ADD7CCE8247C438C002CACD2 /* Debug */,
				ADD7CCE9247C438C002CACD2 /* Release */,
			);
			defaultConfigurationIsVisible = 0;
			defaultConfigurationName = Release;
		};
		ADD7CCEA247C438C002CACD2 /* Build configuration list for PBXNativeTarget "TiktokTests" */ = {
			isa = XCConfigurationList;
			buildConfigurations = (
				ADD7CCEB247C438C002CACD2 /* Debug */,
				ADD7CCEC247C438C002CACD2 /* Release */,
			);
			defaultConfigurationIsVisible = 0;
			defaultConfigurationName = Release;
		};
		ADD7CCED247C438C002CACD2 /* Build configuration list for PBXNativeTarget "TiktokUITests" */ = {
			isa = XCConfigurationList;
			buildConfigurations = (
				ADD7CCEE247C438C002CACD2 /* Debug */,
				ADD7CCEF247C438C002CACD2 /* Release */,
			);
			defaultConfigurationIsVisible = 0;
			defaultConfigurationName = Release;
		};
/* End XCConfigurationList section */
	};
	rootObject = ADD7CCB5247C4386002CACD2 /* Project object */;
}
